
Microsoft Visual Studio Solution File, Format Version 12.00
# Visual Studio 15
VisualStudioVersion = 15.0.28010.2046
MinimumVisualStudioVersion = 10.0.40219.1
Project("{FAE04EC0-301F-11D3-BF4B-00C04F79EFBC}") = "Kimlik", "Kimlik\Kimlik.csproj", "{35C370E0-6DE7-4029-8AEF-73E266513C3A}"
EndProject
Project("{2150E333-8FDC-42A3-9474-1A3956D46DE8}") = "Solution Items", "Solution Items", "{8829AA38-0F10-4679-A811-2D6D1A83C88B}"
	ProjectSection(SolutionItems) = preProject
		Kimlik\CrystalReport1.rpt = Kimlik\CrystalReport1.rpt
	EndProjectSection
EndProject
Global
	GlobalSection(SolutionConfigurationPlatforms) = preSolution
		Debug|Any CPU = Debug|Any CPU
		Release|Any CPU = Release|Any CPU
	EndGlobalSection
	GlobalSection(ProjectConfigurationPlatforms) = postSolution
		{35C370E0-6DE7-4029-8AEF-73E266513C3A}.Debug|Any CPU.ActiveCfg = Debug|Any CPU
		{35C370E0-6DE7-4029-8AEF-73E266513C3A}.Debug|Any CPU.Build.0 = Debug|Any CPU
		{35C370E0-6DE7-4029-8AEF-73E266513C3A}.Release|Any CPU.ActiveCfg = Release|Any CPU
		{35C370E0-6DE7-4029-8AEF-73E266513C3A}.Release|Any CPU.Build.0 = Release|Any CPU
	EndGlobalSection
	GlobalSection(SolutionProperties) = preSolution
		HideSolutionNode = FALSE
	EndGlobalSection
	GlobalSection(ExtensibilityGlobals) = postSolution
		SolutionGuid = {E3A82508-AD5F-4C16-986A-CCE435F1C1AF}
	EndGlobalSection
EndGlobal
